{
  "nodes": {
    "agenix": {
      "inputs": {
        "darwin": "darwin",
        "home-manager": [
          "home-manager"
        ],
        "nixpkgs": [
          "nixpkgs"
        ],
        "systems": "systems"
      },
      "locked": {
        "lastModified": 1770165109,
        "narHash": "sha256-9VnK6Oqai65puVJ4WYtCTvlJeXxMzAp/69HhQuTdl/I=",
        "owner": "ryantm",
        "repo": "agenix",
        "rev": "b027ee29d959fda4b60b57566d64c98a202e0feb",
        "type": "github"
      },
      "original": {
        "owner": "ryantm",
        "repo": "agenix",
        "type": "github"
      }
    },
    "darwin": {
      "inputs": {
        "nixpkgs": [
          "agenix",
          "nixpkgs"
        ]
      },
      "locked": {
        "lastModified": 1744478979,
        "narHash": "sha256-dyN+teG9G82G+m+PX/aSAagkC+vUv0SgUw3XkPhQodQ=",
        "owner": "lnl7",
        "repo": "nix-darwin",
        "rev": "43975d782b418ebf4969e9ccba82466728c2851b",
        "type": "github"
      },
      "original": {
        "owner": "lnl7",
        "ref": "master",
        "repo": "nix-darwin",
        "type": "github"
      }
    },
    "home-manager": {
      "inputs": {
        "nixpkgs": [
          "nixpkgs"
        ]
      },
      "locked": {
        "lastModified": 1770818644,
        "narHash": "sha256-DYS4jIRpRoKOzJjnR/QqEd/MlT4OZZpt8CrBLv+cjsE=",
        "owner": "nix-community",
        "repo": "home-manager",
        "rev": "0acbd1180697de56724821184ad2c3e6e7202cd7",
        "type": "github"
      },
      "original": {
        "owner": "nix-community",
        "repo": "home-manager",
        "type": "github"
      }
    },
    "nix-index-database": {
      "inputs": {
        "nixpkgs": [
          "nixpkgs"
        ]
      },
      "locked": {
        "lastModified": 1770315571,
        "narHash": "sha256-hy0gcAgAcxrnSWKGuNO+Ob0x6jQ2xkR6hoaR0qJBHYs=",
        "owner": "nix-community",
        "repo": "nix-index-database",
        "rev": "2684bb8080a6f2ca5f9d494de5ef875bc1c4ecdb",
        "type": "github"
      },
      "original": {
        "owner": "nix-community",
        "repo": "nix-index-database",
        "type": "github"
      }
    },
    "nixarr": {
      "inputs": {
        "nixpkgs": [
          "nixpkgs"
        ],
        "treefmt-nix": "treefmt-nix",
        "vpnconfinement": "vpnconfinement",
        "website-builder": "website-builder"
      },
      "locked": {
        "lastModified": 1771521554,
        "narHash": "sha256-zP90122d0zc3KcU+ESMKrBSWYGZIZG9e0E+O4HYwFj0=",
        "owner": "nix-media-server",
        "repo": "nixarr",
        "rev": "0f5bf2a39d80da73a70333365d7c08ea1fbe767e",
        "type": "github"
      },
      "original": {
        "owner": "nix-media-server",
        "ref": "kirk/fix-ddns",
        "repo": "nixarr",
        "type": "github"
      }
    },
    "nixctl": {
      "inputs": {
        "nixpkgs": [
          "nixpkgs"
        ]
      },
      "locked": {
        "lastModified": 1750673842,
        "narHash": "sha256-Ww32OEZbIL0fgFvMdN9cLnhBGiYyeNbumqb+MLBFyr0=",
        "owner": "rasmus-kirk",
        "repo": "nixctl",
        "rev": "e536f9f6a1ea53d4db1bb884808fb1364f36c9ec",
        "type": "github"
      },
      "original": {
        "owner": "rasmus-kirk",
        "repo": "nixctl",
        "type": "github"
      }
    },
    "nixos-hardware": {
      "locked": {
        "lastModified": 1770631810,
        "narHash": "sha256-b7iK/x+zOXbjhRqa+XBlYla4zFvPZyU5Ln2HJkiSnzc=",
        "owner": "NixOS",
        "repo": "nixos-hardware",
        "rev": "2889685785848de940375bf7fea5e7c5a3c8d502",
        "type": "github"
      },
      "original": {
        "owner": "NixOS",
        "ref": "master",
        "repo": "nixos-hardware",
        "type": "github"
      }
    },
    "nixpkgs": {
      "locked": {
        "lastModified": 1770562336,
        "narHash": "sha256-ub1gpAONMFsT/GU2hV6ZWJjur8rJ6kKxdm9IlCT0j84=",
        "owner": "nixos",
        "repo": "nixpkgs",
        "rev": "d6c71932130818840fc8fe9509cf50be8c64634f",
        "type": "github"
      },
      "original": {
        "owner": "nixos",
        "ref": "nixos-unstable",
        "repo": "nixpkgs",
        "type": "github"
      }
    },
    "nixpkgs-2405": {
      "locked": {
        "lastModified": 1735563628,
        "narHash": "sha256-OnSAY7XDSx7CtDoqNh8jwVwh4xNL/2HaJxGjryLWzX8=",
        "owner": "nixos",
        "repo": "nixpkgs",
        "rev": "b134951a4c9f3c995fd7be05f3243f8ecd65d798",
        "type": "github"
      },
      "original": {
        "owner": "nixos",
        "ref": "nixos-24.05",
        "repo": "nixpkgs",
        "type": "github"
      }
    },
    "root": {
      "inputs": {
        "agenix": "agenix",
        "home-manager": "home-manager",
        "nix-index-database": "nix-index-database",
        "nixarr": "nixarr",
        "nixctl": "nixctl",
        "nixos-hardware": "nixos-hardware",
        "nixpkgs": "nixpkgs",
        "nixpkgs-2405": "nixpkgs-2405",
        "rustle": "rustle",
        "submerger": "submerger",
        "website-builder": "website-builder_2"
      }
    },
    "rustle": {
      "inputs": {
        "nixpkgs": [
          "nixpkgs"
        ]
      },
      "locked": {
        "lastModified": 1762327406,
        "narHash": "sha256-gxZ1fYva2ZJNw8OFkE2SSCGC+GZF6mOnOAhjBkv14PU=",
        "owner": "rasmus-kirk",
        "repo": "rustle",
        "rev": "1a2cb1e1937b796c269cfea151df1316a2d50735",
        "type": "github"
      },
      "original": {
        "owner": "rasmus-kirk",
        "repo": "rustle",
        "type": "github"
      }
    },
    "submerger": {
      "inputs": {
        "nixpkgs": [
          "nixpkgs"
        ]
      },
      "locked": {
        "lastModified": 1763214048,
        "narHash": "sha256-MJq2NFZNwW+eTEAejWHhg6xwQdT6R/Pg923temDwtfw=",
        "owner": "rasmus-kirk",
        "repo": "submerger",
        "rev": "c1647222c36d7de302e739b67076f04967dfc148",
        "type": "github"
      },
      "original": {
        "owner": "rasmus-kirk",
        "repo": "submerger",
        "type": "github"
      }
    },
    "systems": {
      "locked": {
        "lastModified": 1681028828,
        "narHash": "sha256-Vy1rq5AaRuLzOxct8nz4T6wlgyUR7zLU309k9mBC768=",
        "owner": "nix-systems",
        "repo": "default",
        "rev": "da67096a3b9bf56a91d16901293e51ba5b49a27e",
        "type": "github"
      },
      "original": {
        "owner": "nix-systems",
        "repo": "default",
        "type": "github"
      }
    },
    "treefmt-nix": {
      "inputs": {
        "nixpkgs": [
          "nixarr",
          "nixpkgs"
        ]
      },
      "locked": {
        "lastModified": 1766000401,
        "narHash": "sha256-+cqN4PJz9y0JQXfAK5J1drd0U05D5fcAGhzhfVrDlsI=",
        "owner": "numtide",
        "repo": "treefmt-nix",
        "rev": "42d96e75aa56a3f70cab7e7dc4a32868db28e8fd",
        "type": "github"
      },
      "original": {
        "owner": "numtide",
        "repo": "treefmt-nix",
        "type": "github"
      }
    },
    "vpnconfinement": {
      "locked": {
        "lastModified": 1765634578,
        "narHash": "sha256-Fujb9sn1cj+u/bzfo2RbQkcAvJ7Ch1pimJzFie4ptb4=",
        "owner": "Maroka-chan",
        "repo": "VPN-Confinement",
        "rev": "f2989e1e3cb06c7185939e9ddc368f88b998616a",
        "type": "github"
      },
      "original": {
        "owner": "Maroka-chan",
        "repo": "VPN-Confinement",
        "type": "github"
      }
    },
    "website-builder": {
      "inputs": {
        "nixpkgs": [
          "nixarr",
          "nixpkgs"
        ]
      },
      "locked": {
        "lastModified": 1753958235,
        "narHash": "sha256-Rd27XQJKv8Z4BCr3gdbaHFd0TmumiGxdjGRzsEf/mOg=",
        "owner": "rasmus-kirk",
        "repo": "website-builder",
        "rev": "00a14b7ae7baef2197978ba7c3fe72dfca7bc475",
        "type": "github"
      },
      "original": {
        "owner": "rasmus-kirk",
        "repo": "website-builder",
        "type": "github"
      }
    },
    "website-builder_2": {
      "inputs": {
        "nixpkgs": [
          "nixpkgs"
        ]
      },
      "locked": {
        "lastModified": 1770046765,
        "narHash": "sha256-VDbOB3NSv45k780ieIduo4UHE7tXwF/DeZ4vIzHLAuc=",
        "owner": "rasmus-kirk",
        "repo": "website-builder",
        "rev": "601712ff566c2ca48e433d95ada94a675941e116",
        "type": "github"
      },
      "original": {
        "owner": "rasmus-kirk",
        "repo": "website-builder",
        "type": "github"
      }
    }
  },
  "root": "root",
  "version": 7
}
